# generated by rye
# use `rye lock` or `rye sync` to update this lockfile
#
# last locked with the following flags:
#   pre: false
#   features: []
#   all-features: false
#   with-sources: false

-e file:.
blinker==1.8.2
    # via flask
brotli==1.1.0
    # via yt-dlp
    # via ytm-rs
certifi==2024.2.2
    # via requests
    # via yt-dlp
charset-normalizer==3.3.2
    # via requests
click==8.1.7
    # via flask
colorama==0.4.6
    # via click
flask==3.0.3
    # via ytm-rs
idna==3.7
    # via requests
itsdangerous==2.2.0
    # via flask
jinja2==3.1.4
    # via flask
markupsafe==2.1.5
    # via jinja2
    # via werkzeug
mutagen==1.47.0
    # via yt-dlp
orjson==3.10.3
    # via ytm-rs
pycryptodomex==3.20.0
    # via yt-dlp
requests==2.31.0
    # via yt-dlp
urllib3==2.2.1
    # via requests
    # via yt-dlp
websockets==12.0
    # via yt-dlp
werkzeug==3.0.3
    # via flask
yt-dlp==2024.4.9
    # via ytm-rs
